
Microsoft Visual Studio Solution File, Format Version 12.00
# Visual Studio Version 17
VisualStudioVersion = 17.0.31903.59
MinimumVisualStudioVersion = 10.0.40219.1
Project("{2150E333-8FDC-42A3-9474-1A3956D46DE8}") = "src", "src", "{827E0CD3-B72D-47B6-A68D-7590B98EB39B}"
EndProject
Project("{FAE04EC0-301F-11D3-BF4B-00C04F79EFBC}") = "Skyline.Core", "src\Skyline.Core\Skyline.Core.csproj", "{DDA1555F-B70A-406A-A84F-784AFE59FA2C}"
EndProject
Project("{FAE04EC0-301F-11D3-BF4B-00C04F79EFBC}") = "Skyline.Infrastructure", "src\Skyline.Infrastructure\Skyline.Infrastructure.csproj", "{BCE67C8F-E632-4EFB-AE45-DEDCBB96C4F2}"
EndProject
Project("{FAE04EC0-301F-11D3-BF4B-00C04F79EFBC}") = "Skyline.App", "src\Skyline.App\Skyline.App.csproj", "{D7DA3D01-4481-4870-AAC1-DD4C6CC993BD}"
EndProject
Project("{2150E333-8FDC-42A3-9474-1A3956D46DE8}") = "tests", "tests", "{0AB3BF05-4346-4AA6-1389-037BE0695223}"
EndProject
Project("{FAE04EC0-301F-11D3-BF4B-00C04F79EFBC}") = "Skyline.Infrastructure.Tests", "tests\Skyline.Infrastructure.Tests\Skyline.Infrastructure.Tests.csproj", "{8BDE5A6F-DE35-4417-AB7E-905665139E1F}"
EndProject
Project("{FAE04EC0-301F-11D3-BF4B-00C04F79EFBC}") = "Skyline.App.Tests", "tests\Skyline.App.Tests\Skyline.App.Tests.csproj", "{29D33161-00C5-4FCF-A4F7-B8E5B411DEFE}"
EndProject
Project("{FAE04EC0-301F-11D3-BF4B-00C04F79EFBC}") = "Skyline.Core.Tests", "tests\Skyline.Core.Tests\Skyline.Core.Tests.csproj", "{8380EC5A-73C0-40CB-A36A-0D1FB0D1120A}"
EndProject
Global
	GlobalSection(SolutionConfigurationPlatforms) = preSolution
		Debug|Any CPU = Debug|Any CPU
		Debug|x64 = Debug|x64
		Debug|x86 = Debug|x86
		Release|Any CPU = Release|Any CPU
		Release|x64 = Release|x64
		Release|x86 = Release|x86
	EndGlobalSection
	GlobalSection(ProjectConfigurationPlatforms) = postSolution
		{DDA1555F-B70A-406A-A84F-784AFE59FA2C}.Debug|Any CPU.ActiveCfg = Debug|Any CPU
		{DDA1555F-B70A-406A-A84F-784AFE59FA2C}.Debug|Any CPU.Build.0 = Debug|Any CPU
		{DDA1555F-B70A-406A-A84F-784AFE59FA2C}.Debug|x64.ActiveCfg = Debug|Any CPU
		{DDA1555F-B70A-406A-A84F-784AFE59FA2C}.Debug|x64.Build.0 = Debug|Any CPU
		{DDA1555F-B70A-406A-A84F-784AFE59FA2C}.Debug|x86.ActiveCfg = Debug|Any CPU
		{DDA1555F-B70A-406A-A84F-784AFE59FA2C}.Debug|x86.Build.0 = Debug|Any CPU
		{DDA1555F-B70A-406A-A84F-784AFE59FA2C}.Release|Any CPU.ActiveCfg = Release|Any CPU
		{DDA1555F-B70A-406A-A84F-784AFE59FA2C}.Release|Any CPU.Build.0 = Release|Any CPU
		{DDA1555F-B70A-406A-A84F-784AFE59FA2C}.Release|x64.ActiveCfg = Release|Any CPU
		{DDA1555F-B70A-406A-A84F-784AFE59FA2C}.Release|x64.Build.0 = Release|Any CPU
		{DDA1555F-B70A-406A-A84F-784AFE59FA2C}.Release|x86.ActiveCfg = Release|Any CPU
		{DDA1555F-B70A-406A-A84F-784AFE59FA2C}.Release|x86.Build.0 = Release|Any CPU
		{BCE67C8F-E632-4EFB-AE45-DEDCBB96C4F2}.Debug|Any CPU.ActiveCfg = Debug|Any CPU
		{BCE67C8F-E632-4EFB-AE45-DEDCBB96C4F2}.Debug|Any CPU.Build.0 = Debug|Any CPU
		{BCE67C8F-E632-4EFB-AE45-DEDCBB96C4F2}.Debug|x64.ActiveCfg = Debug|Any CPU
		{BCE67C8F-E632-4EFB-AE45-DEDCBB96C4F2}.Debug|x64.Build.0 = Debug|Any CPU
		{BCE67C8F-E632-4EFB-AE45-DEDCBB96C4F2}.Debug|x86.ActiveCfg = Debug|Any CPU
		{BCE67C8F-E632-4EFB-AE45-DEDCBB96C4F2}.Debug|x86.Build.0 = Debug|Any CPU
		{BCE67C8F-E632-4EFB-AE45-DEDCBB96C4F2}.Release|Any CPU.ActiveCfg = Release|Any CPU
		{BCE67C8F-E632-4EFB-AE45-DEDCBB96C4F2}.Release|Any CPU.Build.0 = Release|Any CPU
		{BCE67C8F-E632-4EFB-AE45-DEDCBB96C4F2}.Release|x64.ActiveCfg = Release|Any CPU
		{BCE67C8F-E632-4EFB-AE45-DEDCBB96C4F2}.Release|x64.Build.0 = Release|Any CPU
		{BCE67C8F-E632-4EFB-AE45-DEDCBB96C4F2}.Release|x86.ActiveCfg = Release|Any CPU
		{BCE67C8F-E632-4EFB-AE45-DEDCBB96C4F2}.Release|x86.Build.0 = Release|Any CPU
		{D7DA3D01-4481-4870-AAC1-DD4C6CC993BD}.Debug|Any CPU.ActiveCfg = Debug|Any CPU
		{D7DA3D01-4481-4870-AAC1-DD4C6CC993BD}.Debug|Any CPU.Build.0 = Debug|Any CPU
		{D7DA3D01-4481-4870-AAC1-DD4C6CC993BD}.Debug|x64.ActiveCfg = Debug|Any CPU
		{D7DA3D01-4481-4870-AAC1-DD4C6CC993BD}.Debug|x64.Build.0 = Debug|Any CPU
		{D7DA3D01-4481-4870-AAC1-DD4C6CC993BD}.Debug|x86.ActiveCfg = Debug|Any CPU
		{D7DA3D01-4481-4870-AAC1-DD4C6CC993BD}.Debug|x86.Build.0 = Debug|Any CPU
		{D7DA3D01-4481-4870-AAC1-DD4C6CC993BD}.Release|Any CPU.ActiveCfg = Release|Any CPU
		{D7DA3D01-4481-4870-AAC1-DD4C6CC993BD}.Release|Any CPU.Build.0 = Release|Any CPU
		{D7DA3D01-4481-4870-AAC1-DD4C6CC993BD}.Release|x64.ActiveCfg = Release|Any CPU
		{D7DA3D01-4481-4870-AAC1-DD4C6CC993BD}.Release|x64.Build.0 = Release|Any CPU
		{D7DA3D01-4481-4870-AAC1-DD4C6CC993BD}.Release|x86.ActiveCfg = Release|Any CPU
		{D7DA3D01-4481-4870-AAC1-DD4C6CC993BD}.Release|x86.Build.0 = Release|Any CPU
		{8BDE5A6F-DE35-4417-AB7E-905665139E1F}.Debug|Any CPU.ActiveCfg = Debug|Any CPU
		{8BDE5A6F-DE35-4417-AB7E-905665139E1F}.Debug|Any CPU.Build.0 = Debug|Any CPU
		{8BDE5A6F-DE35-4417-AB7E-905665139E1F}.Debug|x64.ActiveCfg = Debug|Any CPU
		{8BDE5A6F-DE35-4417-AB7E-905665139E1F}.Debug|x64.Build.0 = Debug|Any CPU
		{8BDE5A6F-DE35-4417-AB7E-905665139E1F}.Debug|x86.ActiveCfg = Debug|Any CPU
		{8BDE5A6F-DE35-4417-AB7E-905665139E1F}.Debug|x86.Build.0 = Debug|Any CPU
		{8BDE5A6F-DE35-4417-AB7E-905665139E1F}.Release|Any CPU.ActiveCfg = Release|Any CPU
		{8BDE5A6F-DE35-4417-AB7E-905665139E1F}.Release|Any CPU.Build.0 = Release|Any CPU
		{8BDE5A6F-DE35-4417-AB7E-905665139E1F}.Release|x64.ActiveCfg = Release|Any CPU
		{8BDE5A6F-DE35-4417-AB7E-905665139E1F}.Release|x64.Build.0 = Release|Any CPU
		{8BDE5A6F-DE35-4417-AB7E-905665139E1F}.Release|x86.ActiveCfg = Release|Any CPU
		{8BDE5A6F-DE35-4417-AB7E-905665139E1F}.Release|x86.Build.0 = Release|Any CPU
		{29D33161-00C5-4FCF-A4F7-B8E5B411DEFE}.Debug|Any CPU.ActiveCfg = Debug|Any CPU
		{29D33161-00C5-4FCF-A4F7-B8E5B411DEFE}.Debug|Any CPU.Build.0 = Debug|Any CPU
		{29D33161-00C5-4FCF-A4F7-B8E5B411DEFE}.Debug|x64.ActiveCfg = Debug|Any CPU
		{29D33161-00C5-4FCF-A4F7-B8E5B411DEFE}.Debug|x64.Build.0 = Debug|Any CPU
		{29D33161-00C5-4FCF-A4F7-B8E5B411DEFE}.Debug|x86.ActiveCfg = Debug|Any CPU
		{29D33161-00C5-4FCF-A4F7-B8E5B411DEFE}.Debug|x86.Build.0 = Debug|Any CPU
		{29D33161-00C5-4FCF-A4F7-B8E5B411DEFE}.Release|Any CPU.ActiveCfg = Release|Any CPU
		{29D33161-00C5-4FCF-A4F7-B8E5B411DEFE}.Release|Any CPU.Build.0 = Release|Any CPU
		{29D33161-00C5-4FCF-A4F7-B8E5B411DEFE}.Release|x64.ActiveCfg = Release|Any CPU
		{29D33161-00C5-4FCF-A4F7-B8E5B411DEFE}.Release|x64.Build.0 = Release|Any CPU
		{29D33161-00C5-4FCF-A4F7-B8E5B411DEFE}.Release|x86.ActiveCfg = Release|Any CPU
		{29D33161-00C5-4FCF-A4F7-B8E5B411DEFE}.Release|x86.Build.0 = Release|Any CPU
		{8380EC5A-73C0-40CB-A36A-0D1FB0D1120A}.Debug|Any CPU.ActiveCfg = Debug|Any CPU
		{8380EC5A-73C0-40CB-A36A-0D1FB0D1120A}.Debug|Any CPU.Build.0 = Debug|Any CPU
		{8380EC5A-73C0-40CB-A36A-0D1FB0D1120A}.Debug|x64.ActiveCfg = Debug|Any CPU
		{8380EC5A-73C0-40CB-A36A-0D1FB0D1120A}.Debug|x64.Build.0 = Debug|Any CPU
		{8380EC5A-73C0-40CB-A36A-0D1FB0D1120A}.Debug|x86.ActiveCfg = Debug|Any CPU
		{8380EC5A-73C0-40CB-A36A-0D1FB0D1120A}.Debug|x86.Build.0 = Debug|Any CPU
		{8380EC5A-73C0-40CB-A36A-0D1FB0D1120A}.Release|Any CPU.ActiveCfg = Release|Any CPU
		{8380EC5A-73C0-40CB-A36A-0D1FB0D1120A}.Release|Any CPU.Build.0 = Release|Any CPU
		{8380EC5A-73C0-40CB-A36A-0D1FB0D1120A}.Release|x64.ActiveCfg = Release|Any CPU
		{8380EC5A-73C0-40CB-A36A-0D1FB0D1120A}.Release|x64.Build.0 = Release|Any CPU
		{8380EC5A-73C0-40CB-A36A-0D1FB0D1120A}.Release|x86.ActiveCfg = Release|Any CPU
		{8380EC5A-73C0-40CB-A36A-0D1FB0D1120A}.Release|x86.Build.0 = Release|Any CPU
	EndGlobalSection
	GlobalSection(SolutionProperties) = preSolution
		HideSolutionNode = FALSE
	EndGlobalSection
	GlobalSection(NestedProjects) = preSolution
		{DDA1555F-B70A-406A-A84F-784AFE59FA2C} = {827E0CD3-B72D-47B6-A68D-7590B98EB39B}
		{BCE67C8F-E632-4EFB-AE45-DEDCBB96C4F2} = {827E0CD3-B72D-47B6-A68D-7590B98EB39B}
		{D7DA3D01-4481-4870-AAC1-DD4C6CC993BD} = {827E0CD3-B72D-47B6-A68D-7590B98EB39B}
		{8BDE5A6F-DE35-4417-AB7E-905665139E1F} = {0AB3BF05-4346-4AA6-1389-037BE0695223}
		{29D33161-00C5-4FCF-A4F7-B8E5B411DEFE} = {0AB3BF05-4346-4AA6-1389-037BE0695223}
		{8380EC5A-73C0-40CB-A36A-0D1FB0D1120A} = {0AB3BF05-4346-4AA6-1389-037BE0695223}
	EndGlobalSection
EndGlobal
